gitee.com/bon-ami/eztools v1.1.2 h1:ZmWw5WC2w6N0lECBDAlPy4oH21rAijVct/roloUrSLI=
gitee.com/bon-ami/eztools v1.1.2/go.mod h1:MI8DCSOHv7ttxBTrsJeyRhRYY37YAMu5nkROA6zJJyk=
gitee.com/bon-ami/eztools v1.1.3 h1:bJt+9ootm2uLozB7AbJ1NtAq7g0iQb8mTK8mII76ZAo=
gitee.com/bon-ami/eztools v1.1.3/go.mod h1:MI8DCSOHv7ttxBTrsJeyRhRYY37YAMu5nkROA6zJJyk=
gitee.com/bon-ami/eztools v1.2.0 h1:17bf9sVdImLnfRdj2t9L8hkAFQzE3CR4KxdcvQ8DOF0=
gitee.com/bon-ami/eztools v1.2.0/go.mod h1:MI8DCSOHv7ttxBTrsJeyRhRYY37YAMu5nkROA6zJJyk=
gitee.com/bon-ami/eztools v1.2.1 h1:SKnHMVxzgH6Q/T2RoP9ER3lYqbhBj7sVNG4cMxcHgAo=
gitee.com/bon-ami/eztools v1.2.1/go.mod h1:MI8DCSOHv7ttxBTrsJeyRhRYY37YAMu5nkROA6zJJyk=
github.com/Azure/go-ntlmssp v0.0.0-20200615164410-66371956d46c h1:/IBSNwUN8+eKzUzbJPqhK839ygXJ82sde8x3ogr6R28=
github.com/Azure/go-ntlmssp v0.0.0-20200615164410-66371956d46c/go.mod h1:chxPXzSsl7ZWRAuOIE23GDNzjWuZquvFlgA8xmpunjU=
github.com/bon-ami/eztools v1.1.1 h1:IIPAb9O3RGpqaQlhEctsQgl2AankY6K9wHa10kaJyoE=
github.com/bon-ami/eztools v1.1.1/go.mod h1:j+MytmZ+AAxBaadyoCLpNhgDq+p8EVPgVkpSkCu+VZw=
github.com/go-asn1-ber/asn1-ber v1.5.1 h1:pDbRAunXzIUXfx4CB2QJFv5IuPiuoW+sWvr/Us009o8=
github.com/go-asn1-ber/asn1-ber v1.5.1/go.mod h1:hEBeB/ic+5LoWskz+yKT7vGhhPYkProFKoKdwZRWMe0=
github.com/go-asn1-ber/asn1-ber v1.5.3 h1:u7utq56RUFiynqUzgVMFDymapcOtQ/MZkh3H4QYkxag=
github.com/go-asn1-ber/asn1-ber v1.5.3/go.mod h1:hEBeB/ic+5LoWskz+yKT7vGhhPYkProFKoKdwZRWMe0=
github.com/go-ldap/ldap/v3 v3.2.4 h1:PFavAq2xTgzo/loE8qNXcQaofAaqIpI4WgaLdv+1l3E=
github.com/go-ldap/ldap/v3 v3.2.4/go.mod h1:iYS1MdmrmceOJ1QOTnRXrIs7i3kloqtmGQjRvjKpyMg=
github.com/go-ldap/ldap/v3 v3.3.0 h1:lwx+SJpgOHd8tG6SumBQZXCmNX51zM8B1cfxJ5gv4tQ=
github.com/go-ldap/ldap/v3 v3.3.0/go.mod h1:iYS1MdmrmceOJ1QOTnRXrIs7i3kloqtmGQjRvjKpyMg=
github.com/go-sql-driver/mysql v1.5.0 h1:ozyZYNQW3x3HtqT1jira07DN2PArx2v7/mN66gGcHOs=
github.com/go-sql-driver/mysql v1.5.0/go.mod h1:DCzpHaOWr8IXmIStZouvnhqoel9Qv2LBy8hT2VhHyBg=
github.com/go-sql-driver/mysql v1.6.0 h1:BCTh4TKNUYmOmMUcQ3IipzF5prigylS7XXjEkfCHuOE=
github.com/go-sql-driver/mysql v1.6.0/go.mod h1:DCzpHaOWr8IXmIStZouvnhqoel9Qv2LBy8hT2VhHyBg=
github.com/kardianos/osext v0.0.0-20190222173326-2bc1f35cddc0 h1:iQTw/8FWTuc7uiaSepXwyf3o52HaUYcV+Tu66S3F5GA=
github.com/kardianos/osext v0.0.0-20190222173326-2bc1f35cddc0/go.mod h1:1NbS8ALrpOvjt0rHPNLyCIeMtbizbir8U//inJ+zuB8=
github.com/kr/binarydist v0.1.0 h1:6kAoLA9FMMnNGSehX0s1PdjbEaACznAv/W219j2uvyo=
github.com/kr/binarydist v0.1.0/go.mod h1:DY7S//GCoz1BCd0B0EVrinCKAZN3pXe+MDaIZbXQVgM=
github.com/rkl-/digest v0.0.0-20180419075440-8316caa4a777 h1:rDj3WeO+TiWyxfcydUnKegWAZoR5kQsnW0wzhggdOrw=
github.com/rkl-/digest v0.0.0-20180419075440-8316caa4a777/go.mod h1:xRVvTK+cS/dJSvrOufGUQFWfgvE7yXExeng96n8377o=
github.com/sanbornm/go-selfupdate v0.0.0-20190330003341-f041b81ae5e6 h1:vMxGyjtacYsuFFL17i3KXliXWgUPQtlBJLP7f/2pSHw=
github.com/sanbornm/go-selfupdate v0.0.0-20190330003341-f041b81ae5e6/go.mod h1:smwNxgPPofIa0waDFEvust3+MZHkiUIet1WMk1SJYl8=
github.com/sanbornm/go-selfupdate v0.0.0-20210106163404-c9b625feac49 h1:LuxslTBxJrrNeKfqoywIERWWhH43TgiVAiPEVlhgNBA=
github.com/sanbornm/go-selfupdate v0.0.0-20210106163404-c9b625feac49/go.mod h1:fY313ZGG810aWruFYcyq3coFpHDrWJVoMfSRI81y1r4=
golang.org/x/crypto v0.0.0-20190308221718-c2843e01d9a2/go.mod h1:djNgcEr1/C05ACkg1iLfiJU5Ep61QUkGW8qpdssI0+w=
golang.org/x/crypto v0.0.0-20200604202706-70a84ac30bf9/go.mod h1:LzIPMQfyMNhhGPhUkYOs5KpL4U8rLKemX1yGLhDgUto=
golang.org/x/crypto v0.0.0-20201016220609-9e8e0b390897 h1:pLI5jrR7OSLijeIDcmRxNmw2api+jEfxLoykJVice/E=
golang.org/x/crypto v0.0.0-20201016220609-9e8e0b390897/go.mod h1:LzIPMQfyMNhhGPhUkYOs5KpL4U8rLKemX1yGLhDgUto=
golang.org/x/crypto v0.0.0-20210421170649-83a5a9bb288b h1:7mWr3k41Qtv8XlltBkDkl8LoP3mpSgBW8BUoxtEdbXg=
golang.org/x/crypto v0.0.0-20210421170649-83a5a9bb288b/go.mod h1:T9bdIzuCu7OtxOm1hfPfRQxPLYneinmdGuTeoZ9dtd4=
golang.org/x/net v0.0.0-20190404232315-eb5bcb51f2a3/go.mod h1:t9HGtf8HONx5eT2rtn7q6eTqICYqUVnKs3thJo3Qplg=
golang.org/x/net v0.0.0-20210226172049-e18ecbb05110 h1:qWPm9rbaAMKs8Bq/9LRpbMqxWRVUAQwMI9fVrssnTfw=
golang.org/x/net v0.0.0-20210226172049-e18ecbb05110/go.mod h1:m0MpNAwzfU5UDzcl9v0D8zg8gWTRqZa9RBIspLL5mdg=
golang.org/x/sys v0.0.0-20190215142949-d0b11bdaac8a/go.mod h1:STP8DvDyc/dI5b8T5hshtkjS+E42TnysNCUPdjciGhY=
golang.org/x/sys v0.0.0-20190412213103-97732733099d h1:+R4KGOnez64A81RvjARKc4UT5/tI9ujCIVX+P5KiHuI=
golang.org/x/sys v0.0.0-20190412213103-97732733099d/go.mod h1:h1NjWce9XRLGQEsW7wpKNCjG9DtNlClVuFLEZdDNbEs=
golang.org/x/sys v0.0.0-20201119102817-f84b799fce68/go.mod h1:h1NjWce9XRLGQEsW7wpKNCjG9DtNlClVuFLEZdDNbEs=
golang.org/x/sys v0.0.0-20210426230700-d19ff857e887 h1:dXfMednGJh/SUUFjTLsWJz3P+TQt9qnR11GgeI3vWKs=
golang.org/x/sys v0.0.0-20210426230700-d19ff857e887/go.mod h1:h1NjWce9XRLGQEsW7wpKNCjG9DtNlClVuFLEZdDNbEs=
golang.org/x/term v0.0.0-20201126162022-7de9c90e9dd1/go.mod h1:bj7SfCRtBDWHUb9snDiAeCFNEtKQo2Wmx5Cou7ajbmo=
golang.org/x/term v0.0.0-20210429154555-c04ba851c2a4 h1:UPou2i3GzKgi6igR+/0C5XyHKBngHxBp/CL5CQ0p3Zk=
golang.org/x/term v0.0.0-20210429154555-c04ba851c2a4/go.mod h1:bj7SfCRtBDWHUb9snDiAeCFNEtKQo2Wmx5Cou7ajbmo=
golang.org/x/text v0.3.0/go.mod h1:NqM8EUOU14njkJ3fqMW+pc6Ldnwhi/IjpwHt7yyuwOQ=
golang.org/x/text v0.3.3 h1:cokOdA+Jmi5PJGXLlLllQSgYigAEfHXJAERHVMaCc2k=
golang.org/x/text v0.3.3/go.mod h1:5Zoc/QRtKVWzQhOtBMvqHzDpF6irO9z98xDceosuGiQ=
golang.org/x/tools v0.0.0-20180917221912-90fa682c2a6e h1:FDhOuMEY4JVRztM/gsbk+IKUQ8kj74bxZrgw87eMMVc=
golang.org/x/tools v0.0.0-20180917221912-90fa682c2a6e/go.mod h1:n7NCudcB/nEzxVGmLbDWY5pfWTLqBcC2KZ6jyYvM4mQ=
gopkg.in/inconshreveable/go-update.v0 v0.0.0-20150814200126-d8b0b1d421aa h1:drvf2JoUL1fz3ttkGNkw+rf3kZa2//7XkYGpSO4NHNA=
gopkg.in/inconshreveable/go-update.v0 v0.0.0-20150814200126-d8b0b1d421aa/go.mod h1:tuNm0ntQ7IH9VSA39XxzLMpee5c2DwgIbjD4x3ydo8Y=
